PODS:
  - Flutter (1.0.0)
  - flutter_geetest (0.0.1):
    - Flutter

DEPENDENCIES:
  - Flutter (from `.symlinks/flutter/ios`)
  - flutter_geetest (from `.symlinks/plugins/flutter_geetest/ios`)

EXTERNAL SOURCES:
  Flutter:
    :path: ".symlinks/flutter/ios"
  flutter_geetest:
    :path: ".symlinks/plugins/flutter_geetest/ios"

SPEC CHECKSUMS:
  Flutter: 58dd7d1b27887414a370fcccb9e645c08ffd7a6a
  flutter_geetest: 92a8ec9f921b52ddda550bec3e9a8fc0b347598d

PODFILE CHECKSUM: aff02bfeed411c636180d6812254b2daeea14d09

COCOAPODS: 1.7.0.beta.3
